
Microsoft Visual Studio Solution File, Format Version 12.00
# Visual Studio Version 16
VisualStudioVersion = 16.0.31129.286
MinimumVisualStudioVersion = 10.0.40219.1
Project("{2150E333-8FDC-42A3-9474-1A3956D46DE8}") = "src", "src", "{E5B6FCC5-3AC3-447B-B0A3-FF5E41407C0F}"
EndProject
Project("{2150E333-8FDC-42A3-9474-1A3956D46DE8}") = "ApiGateway", "ApiGateway", "{3BEFAFD3-953D-44B1-8E39-E482681E349A}"
EndProject
Project("{2150E333-8FDC-42A3-9474-1A3956D46DE8}") = "Services", "Services", "{A63C2A01-71A2-4101-A1C0-40F0BBF0E4EC}"
EndProject
Project("{2150E333-8FDC-42A3-9474-1A3956D46DE8}") = "WebApp", "WebApp", "{7FBF7D2F-F3F9-4432-B69F-8A6BB5730F37}"
EndProject
Project("{E53339B2-1760-4266-BCC7-CA923CBCF16C}") = "docker-compose", "docker-compose.dcproj", "{7472120E-E778-40C9-82EB-0D3C00E53810}"
EndProject
Project("{2150E333-8FDC-42A3-9474-1A3956D46DE8}") = "Product", "Product", "{22C4E69A-7612-400A-9523-042A1CCD7348}"
EndProject
Project("{2150E333-8FDC-42A3-9474-1A3956D46DE8}") = "Common", "Common", "{C34011BB-3B73-45D9-8C20-88927FB190BF}"
EndProject
Project("{9A19103F-16F7-4668-BE54-9A1E7A4F7556}") = "ECommerce.Product.API", "src\Services\Product\ECommerce.Product.API\ECommerce.Product.API.csproj", "{A7C982E8-3EA3-410A-BC81-F3AC2B6C7268}"
EndProject
Project("{9A19103F-16F7-4668-BE54-9A1E7A4F7556}") = "EventBusRabbitMQ", "src\Services\Common\EventBusRabbitMQ\EventBusRabbitMQ.csproj", "{785A7375-63E6-4E6B-9D55-8B3FCBB81965}"
EndProject
Project("{9A19103F-16F7-4668-BE54-9A1E7A4F7556}") = "ECommerce.WebApp.UI", "src\WebApp\ECommerce.WebApp.UI\ECommerce.WebApp.UI.csproj", "{17E80FC5-49C4-4929-8B16-B4B7D9CE10E5}"
EndProject
Project("{9A19103F-16F7-4668-BE54-9A1E7A4F7556}") = "ECommerce.WebApp.Core", "src\WebApp\ECommerce.WebApp.Core\ECommerce.WebApp.Core.csproj", "{1197BE3D-975C-49FB-BD74-3DEC46E1D1B8}"
EndProject
Project("{9A19103F-16F7-4668-BE54-9A1E7A4F7556}") = "ECommerce.APIGateway", "src\ApiGateway\ECommerce.APIGateway\ECommerce.APIGateway.csproj", "{98678602-B6B8-420E-B5AC-39D01F099F9A}"
EndProject
Project("{2150E333-8FDC-42A3-9474-1A3956D46DE8}") = "Basket", "Basket", "{704EDC62-94B9-463D-B256-BEAA85D81CD7}"
EndProject
Project("{9A19103F-16F7-4668-BE54-9A1E7A4F7556}") = "ECommerce.Basket.API", "src\Services\Basket\ECommerce.Basket.API\ECommerce.Basket.API.csproj", "{9ECF55AD-F8F0-435B-9E2E-960EBC5945E9}"
EndProject
Project("{2150E333-8FDC-42A3-9474-1A3956D46DE8}") = "Ordering", "Ordering", "{27FEA188-106A-4254-B1EC-D5406E7475BA}"
EndProject
Project("{FAE04EC0-301F-11D3-BF4B-00C04F79EFBC}") = "ECommerce.Ordering.API", "src\Services\Ordering\ECommerce.Ordering.API\ECommerce.Ordering.API.csproj", "{16D01D34-3B7A-4150-9E60-D27A82D4D906}"
EndProject
Project("{FAE04EC0-301F-11D3-BF4B-00C04F79EFBC}") = "ECommerce.Ordering.Domain", "src\Services\Ordering\ECommerce.Ordering.Domain\ECommerce.Ordering.Domain.csproj", "{9578C5D5-E367-47EC-9996-2BB72F8287DB}"
EndProject
Project("{FAE04EC0-301F-11D3-BF4B-00C04F79EFBC}") = "ECommerce.Ordering.Application", "src\Services\Ordering\ECommerce.Ordering.Application\ECommerce.Ordering.Application.csproj", "{C5F85D62-0314-4728-A0AE-77EE1326FE31}"
EndProject
Project("{FAE04EC0-301F-11D3-BF4B-00C04F79EFBC}") = "ECommerce.Ordering.Infrastructure", "src\Services\Ordering\ECommerce.Ordering.Infrastructure\ECommerce.Ordering.Infrastructure.csproj", "{7215A057-D189-4EEC-BD7E-2EDA3719C437}"
EndProject
Global
	GlobalSection(SolutionConfigurationPlatforms) = preSolution
		Debug|Any CPU = Debug|Any CPU
		Release|Any CPU = Release|Any CPU
	EndGlobalSection
	GlobalSection(ProjectConfigurationPlatforms) = postSolution
		{7472120E-E778-40C9-82EB-0D3C00E53810}.Debug|Any CPU.ActiveCfg = Debug|Any CPU
		{7472120E-E778-40C9-82EB-0D3C00E53810}.Debug|Any CPU.Build.0 = Debug|Any CPU
		{7472120E-E778-40C9-82EB-0D3C00E53810}.Release|Any CPU.ActiveCfg = Release|Any CPU
		{7472120E-E778-40C9-82EB-0D3C00E53810}.Release|Any CPU.Build.0 = Release|Any CPU
		{A7C982E8-3EA3-410A-BC81-F3AC2B6C7268}.Debug|Any CPU.ActiveCfg = Debug|Any CPU
		{A7C982E8-3EA3-410A-BC81-F3AC2B6C7268}.Debug|Any CPU.Build.0 = Debug|Any CPU
		{A7C982E8-3EA3-410A-BC81-F3AC2B6C7268}.Release|Any CPU.ActiveCfg = Release|Any CPU
		{A7C982E8-3EA3-410A-BC81-F3AC2B6C7268}.Release|Any CPU.Build.0 = Release|Any CPU
		{785A7375-63E6-4E6B-9D55-8B3FCBB81965}.Debug|Any CPU.ActiveCfg = Debug|Any CPU
		{785A7375-63E6-4E6B-9D55-8B3FCBB81965}.Debug|Any CPU.Build.0 = Debug|Any CPU
		{785A7375-63E6-4E6B-9D55-8B3FCBB81965}.Release|Any CPU.ActiveCfg = Release|Any CPU
		{785A7375-63E6-4E6B-9D55-8B3FCBB81965}.Release|Any CPU.Build.0 = Release|Any CPU
		{17E80FC5-49C4-4929-8B16-B4B7D9CE10E5}.Debug|Any CPU.ActiveCfg = Debug|Any CPU
		{17E80FC5-49C4-4929-8B16-B4B7D9CE10E5}.Debug|Any CPU.Build.0 = Debug|Any CPU
		{17E80FC5-49C4-4929-8B16-B4B7D9CE10E5}.Release|Any CPU.ActiveCfg = Release|Any CPU
		{17E80FC5-49C4-4929-8B16-B4B7D9CE10E5}.Release|Any CPU.Build.0 = Release|Any CPU
		{1197BE3D-975C-49FB-BD74-3DEC46E1D1B8}.Debug|Any CPU.ActiveCfg = Debug|Any CPU
		{1197BE3D-975C-49FB-BD74-3DEC46E1D1B8}.Debug|Any CPU.Build.0 = Debug|Any CPU
		{1197BE3D-975C-49FB-BD74-3DEC46E1D1B8}.Release|Any CPU.ActiveCfg = Release|Any CPU
		{1197BE3D-975C-49FB-BD74-3DEC46E1D1B8}.Release|Any CPU.Build.0 = Release|Any CPU
		{98678602-B6B8-420E-B5AC-39D01F099F9A}.Debug|Any CPU.ActiveCfg = Debug|Any CPU
		{98678602-B6B8-420E-B5AC-39D01F099F9A}.Debug|Any CPU.Build.0 = Debug|Any CPU
		{98678602-B6B8-420E-B5AC-39D01F099F9A}.Release|Any CPU.ActiveCfg = Release|Any CPU
		{98678602-B6B8-420E-B5AC-39D01F099F9A}.Release|Any CPU.Build.0 = Release|Any CPU
		{9ECF55AD-F8F0-435B-9E2E-960EBC5945E9}.Debug|Any CPU.ActiveCfg = Debug|Any CPU
		{9ECF55AD-F8F0-435B-9E2E-960EBC5945E9}.Debug|Any CPU.Build.0 = Debug|Any CPU
		{9ECF55AD-F8F0-435B-9E2E-960EBC5945E9}.Release|Any CPU.ActiveCfg = Release|Any CPU
		{9ECF55AD-F8F0-435B-9E2E-960EBC5945E9}.Release|Any CPU.Build.0 = Release|Any CPU
		{16D01D34-3B7A-4150-9E60-D27A82D4D906}.Debug|Any CPU.ActiveCfg = Debug|Any CPU
		{16D01D34-3B7A-4150-9E60-D27A82D4D906}.Debug|Any CPU.Build.0 = Debug|Any CPU
		{16D01D34-3B7A-4150-9E60-D27A82D4D906}.Release|Any CPU.ActiveCfg = Release|Any CPU
		{16D01D34-3B7A-4150-9E60-D27A82D4D906}.Release|Any CPU.Build.0 = Release|Any CPU
		{9578C5D5-E367-47EC-9996-2BB72F8287DB}.Debug|Any CPU.ActiveCfg = Debug|Any CPU
		{9578C5D5-E367-47EC-9996-2BB72F8287DB}.Debug|Any CPU.Build.0 = Debug|Any CPU
		{9578C5D5-E367-47EC-9996-2BB72F8287DB}.Release|Any CPU.ActiveCfg = Release|Any CPU
		{9578C5D5-E367-47EC-9996-2BB72F8287DB}.Release|Any CPU.Build.0 = Release|Any CPU
		{C5F85D62-0314-4728-A0AE-77EE1326FE31}.Debug|Any CPU.ActiveCfg = Debug|Any CPU
		{C5F85D62-0314-4728-A0AE-77EE1326FE31}.Debug|Any CPU.Build.0 = Debug|Any CPU
		{C5F85D62-0314-4728-A0AE-77EE1326FE31}.Release|Any CPU.ActiveCfg = Release|Any CPU
		{C5F85D62-0314-4728-A0AE-77EE1326FE31}.Release|Any CPU.Build.0 = Release|Any CPU
		{7215A057-D189-4EEC-BD7E-2EDA3719C437}.Debug|Any CPU.ActiveCfg = Debug|Any CPU
		{7215A057-D189-4EEC-BD7E-2EDA3719C437}.Debug|Any CPU.Build.0 = Debug|Any CPU
		{7215A057-D189-4EEC-BD7E-2EDA3719C437}.Release|Any CPU.ActiveCfg = Release|Any CPU
		{7215A057-D189-4EEC-BD7E-2EDA3719C437}.Release|Any CPU.Build.0 = Release|Any CPU
	EndGlobalSection
	GlobalSection(SolutionProperties) = preSolution
		HideSolutionNode = FALSE
	EndGlobalSection
	GlobalSection(NestedProjects) = preSolution
		{3BEFAFD3-953D-44B1-8E39-E482681E349A} = {E5B6FCC5-3AC3-447B-B0A3-FF5E41407C0F}
		{A63C2A01-71A2-4101-A1C0-40F0BBF0E4EC} = {E5B6FCC5-3AC3-447B-B0A3-FF5E41407C0F}
		{7FBF7D2F-F3F9-4432-B69F-8A6BB5730F37} = {E5B6FCC5-3AC3-447B-B0A3-FF5E41407C0F}
		{22C4E69A-7612-400A-9523-042A1CCD7348} = {A63C2A01-71A2-4101-A1C0-40F0BBF0E4EC}
		{C34011BB-3B73-45D9-8C20-88927FB190BF} = {A63C2A01-71A2-4101-A1C0-40F0BBF0E4EC}
		{A7C982E8-3EA3-410A-BC81-F3AC2B6C7268} = {22C4E69A-7612-400A-9523-042A1CCD7348}
		{785A7375-63E6-4E6B-9D55-8B3FCBB81965} = {C34011BB-3B73-45D9-8C20-88927FB190BF}
		{17E80FC5-49C4-4929-8B16-B4B7D9CE10E5} = {7FBF7D2F-F3F9-4432-B69F-8A6BB5730F37}
		{1197BE3D-975C-49FB-BD74-3DEC46E1D1B8} = {7FBF7D2F-F3F9-4432-B69F-8A6BB5730F37}
		{98678602-B6B8-420E-B5AC-39D01F099F9A} = {3BEFAFD3-953D-44B1-8E39-E482681E349A}
		{704EDC62-94B9-463D-B256-BEAA85D81CD7} = {A63C2A01-71A2-4101-A1C0-40F0BBF0E4EC}
		{9ECF55AD-F8F0-435B-9E2E-960EBC5945E9} = {704EDC62-94B9-463D-B256-BEAA85D81CD7}
		{27FEA188-106A-4254-B1EC-D5406E7475BA} = {A63C2A01-71A2-4101-A1C0-40F0BBF0E4EC}
		{16D01D34-3B7A-4150-9E60-D27A82D4D906} = {27FEA188-106A-4254-B1EC-D5406E7475BA}
		{9578C5D5-E367-47EC-9996-2BB72F8287DB} = {27FEA188-106A-4254-B1EC-D5406E7475BA}
		{C5F85D62-0314-4728-A0AE-77EE1326FE31} = {27FEA188-106A-4254-B1EC-D5406E7475BA}
		{7215A057-D189-4EEC-BD7E-2EDA3719C437} = {27FEA188-106A-4254-B1EC-D5406E7475BA}
	EndGlobalSection
	GlobalSection(ExtensibilityGlobals) = postSolution
		SolutionGuid = {763EA5AD-D328-4B40-9342-02612D153972}
	EndGlobalSection
EndGlobal
